
Microsoft Visual Studio Solution File, Format Version 12.00
# Visual Studio Version 17
VisualStudioVersion = 17.9.34902.65
MinimumVisualStudioVersion = 10.0.40219.1
Project("{FAE04EC0-301F-11D3-BF4B-00C04F79EFBC}") = "SimpleFactory", "SimpleFactory\SimpleFactory.csproj", "{659A5A2D-BED9-4910-BDD2-1CF3096B6D1F}"
EndProject
Global
	GlobalSection(SolutionConfigurationPlatforms) = preSolution
		Debug|Any CPU = Debug|Any CPU
		Release|Any CPU = Release|Any CPU
	EndGlobalSection
	GlobalSection(ProjectConfigurationPlatforms) = postSolution
		{659A5A2D-BED9-4910-BDD2-1CF3096B6D1F}.Debug|Any CPU.ActiveCfg = Debug|Any CPU
		{659A5A2D-BED9-4910-BDD2-1CF3096B6D1F}.Debug|Any CPU.Build.0 = Debug|Any CPU
		{659A5A2D-BED9-4910-BDD2-1CF3096B6D1F}.Release|Any CPU.ActiveCfg = Release|Any CPU
		{659A5A2D-BED9-4910-BDD2-1CF3096B6D1F}.Release|Any CPU.Build.0 = Release|Any CPU
	EndGlobalSection
	GlobalSection(SolutionProperties) = preSolution
		HideSolutionNode = FALSE
	EndGlobalSection
	GlobalSection(ExtensibilityGlobals) = postSolution
		SolutionGuid = {23F12403-4F8E-4974-9D4C-CC6EFFF0BF24}
	EndGlobalSection
EndGlobal
